// !$*UTF8*$!
{
	archiveVersion = 1;
	classes = {
	};
	objectVersion = 77;
	objects = {

/* Begin PBXBuildFile section */
		28A9EB812F8DEFCD004160FE /* Add To Canvas.appex in Embed Foundation Extensions */ = {isa = PBXBuildFile; fileRef = 28A9EB772F8DEFCD004160FE /* Add To Canvas.appex */; settings = {ATTRIBUTES = (RemoveHeadersOnCopy, ); }; };
		9A9B9C032F600001005B952A /* XCTest.framework in Frameworks */ = {isa = PBXBuildFile; fileRef = 9A9B9C022F600001005B952A /* XCTest.framework */; };
/* End PBXBuildFile section */

/* Begin PBXContainerItemProxy section */
		28A9EB7F2F8DEFCD004160FE /* PBXContainerItemProxy */ = {
			isa = PBXContainerItemProxy;
			containerPortal = 286105502F4C51A4005B952A /* Project object */;
			proxyType = 1;
			remoteGlobalIDString = 28A9EB762F8DEFCD004160FE;
			remoteInfo = "Add To Canvas";
		};
		9A9B9C092F600001005B952A /* PBXContainerItemProxy */ = {
			isa = PBXContainerItemProxy;
			containerPortal = 286105502F4C51A4005B952A /* Project object */;
			proxyType = 1;
			remoteGlobalIDString = 286105572F4C51A4005B952A;
			remoteInfo = MyCanvas_Ver_0;
		};
/* End PBXContainerItemProxy section */

/* Begin PBXCopyFilesBuildPhase section */
		28A9EB822F8DEFCD004160FE /* Embed Foundation Extensions */ = {
			isa = PBXCopyFilesBuildPhase;
			buildActionMask = 2147483647;
			dstPath = "";
			dstSubfolderSpec = 13;
			files = (
				28A9EB812F8DEFCD004160FE /* Add To Canvas.appex in Embed Foundation Extensions */,
			);
			name = "Embed Foundation Extensions";
			runOnlyForDeploymentPostprocessing = 0;
		};
/* End PBXCopyFilesBuildPhase section */

/* Begin PBXFileReference section */
		286105582F4C51A4005B952A /* MyCanvas_Ver_0.app */ = {isa = PBXFileReference; explicitFileType = wrapper.application; includeInIndex = 0; path = MyCanvas_Ver_0.app; sourceTree = BUILT_PRODUCTS_DIR; };
		28A9EB772F8DEFCD004160FE /* Add To Canvas.appex */ = {isa = PBXFileReference; explicitFileType = "wrapper.app-extension"; includeInIndex = 0; path = "Add To Canvas.appex"; sourceTree = BUILT_PRODUCTS_DIR; };
		9A9B9C012F600001005B952A /* MyCanvas_Ver_0Tests.xctest */ = {isa = PBXFileReference; explicitFileType = wrapper.cfbundle; includeInIndex = 0; path = MyCanvas_Ver_0Tests.xctest; sourceTree = BUILT_PRODUCTS_DIR; };
		9A9B9C022F600001005B952A /* XCTest.framework */ = {isa = PBXFileReference; lastKnownFileType = wrapper.framework; name = XCTest.framework; path = Platforms/MacOSX.platform/Developer/Library/Frameworks/XCTest.framework; sourceTree = DEVELOPER_DIR; };
/* End PBXFileReference section */

/* Begin PBXFileSystemSynchronizedBuildFileExceptionSet section */
		28A9EB852F8DEFCD004160FE /* Exceptions for "Add To Canvas" folder in "Add To Canvas" target */ = {
			isa = PBXFileSystemSynchronizedBuildFileExceptionSet;
			membershipExceptions = (
				Info.plist,
			);
			target = 28A9EB762F8DEFCD004160FE /* Add To Canvas */;
		};
/* End PBXFileSystemSynchronizedBuildFileExceptionSet section */

/* Begin PBXFileSystemSynchronizedRootGroup section */
		2861055A2F4C51A4005B952A /* MyCanvas_Ver_0 */ = {
			isa = PBXFileSystemSynchronizedRootGroup;
			path = MyCanvas_Ver_0;
			sourceTree = "<group>";
		};
		28A9EB782F8DEFCD004160FE /* Add To Canvas */ = {
			isa = PBXFileSystemSynchronizedRootGroup;
			exceptions = (
				28A9EB852F8DEFCD004160FE /* Exceptions for "Add To Canvas" folder in "Add To Canvas" target */,
			);
			path = "Add To Canvas";
			sourceTree = "<group>";
		};
		28F1A0012F8E0001004160FE /* MyCanvas_Ver_0/App */ = {
			isa = PBXFileSystemSynchronizedRootGroup;
			path = MyCanvas_Ver_0/App;
			sourceTree = "<group>";
		};
		28F1A0022F8E0001004160FE /* MyCanvas_Ver_0/Canvas */ = {
			isa = PBXFileSystemSynchronizedRootGroup;
			path = MyCanvas_Ver_0/Canvas;
			sourceTree = "<group>";
		};
		28F1A0032F8E0001004160FE /* MyCanvas_Ver_0/Platform/Shared/BoardList */ = {
			isa = PBXFileSystemSynchronizedRootGroup;
			path = MyCanvas_Ver_0/Platform/Shared/BoardList;
			sourceTree = "<group>";
		};
		28F1A0042F8E0001004160FE /* MyCanvas_Ver_0/Platform/Shared/Rendering */ = {
			isa = PBXFileSystemSynchronizedRootGroup;
			path = MyCanvas_Ver_0/Platform/Shared/Rendering;
			sourceTree = "<group>";
		};
		9A9B9C042F600001005B952A /* MyCanvas_Ver_0Tests */ = {
			isa = PBXFileSystemSynchronizedRootGroup;
			path = MyCanvas_Ver_0Tests;
			sourceTree = "<group>";
		};
/* End PBXFileSystemSynchronizedRootGroup section */

/* Begin PBXFrameworksBuildPhase section */
		286105552F4C51A4005B952A /* Frameworks */ = {
			isa = PBXFrameworksBuildPhase;
			buildActionMask = 2147483647;
			files = (
			);
			runOnlyForDeploymentPostprocessing = 0;
		};
		28A9EB742F8DEFCD004160FE /* Frameworks */ = {
			isa = PBXFrameworksBuildPhase;
			buildActionMask = 2147483647;
			files = (
			);
			runOnlyForDeploymentPostprocessing = 0;
		};
		9A9B9C062F600001005B952A /* Frameworks */ = {
			isa = PBXFrameworksBuildPhase;
			buildActionMask = 2147483647;
			files = (
				9A9B9C032F600001005B952A /* XCTest.framework in Frameworks */,
			);
			runOnlyForDeploymentPostprocessing = 0;
		};
/* End PBXFrameworksBuildPhase section */

/* Begin PBXGroup section */
		2861054F2F4C51A4005B952A = {
			isa = PBXGroup;
			children = (
				2861055A2F4C51A4005B952A /* MyCanvas_Ver_0 */,
				9A9B9C042F600001005B952A /* MyCanvas_Ver_0Tests */,
				28A9EB782F8DEFCD004160FE /* Add To Canvas */,
				28BA821A2F7D0526004BBBD4 /* Frameworks */,
				286105592F4C51A4005B952A /* Products */,
				28A9EF892F8E1400004160FE /* Recovered References */,
			);
			sourceTree = "<group>";
		};
		286105592F4C51A4005B952A /* Products */ = {
			isa = PBXGroup;
			children = (
				286105582F4C51A4005B952A /* MyCanvas_Ver_0.app */,
				9A9B9C012F600001005B952A /* MyCanvas_Ver_0Tests.xctest */,
				28A9EB772F8DEFCD004160FE /* Add To Canvas.appex */,
			);
			name = Products;
			sourceTree = "<group>";
		};
		28A9EF892F8E1400004160FE /* Recovered References */ = {
			isa = PBXGroup;
			children = (
				28F1A0012F8E0001004160FE /* MyCanvas_Ver_0/App */,
				28F1A0022F8E0001004160FE /* MyCanvas_Ver_0/Canvas */,
				28F1A0032F8E0001004160FE /* MyCanvas_Ver_0/Platform/Shared/BoardList */,
				28F1A0042F8E0001004160FE /* MyCanvas_Ver_0/Platform/Shared/Rendering */,
			);
			name = "Recovered References";
			sourceTree = "<group>";
		};
		28BA821A2F7D0526004BBBD4 /* Frameworks */ = {
			isa = PBXGroup;
			children = (
				9A9B9C022F600001005B952A /* XCTest.framework */,
			);
			name = Frameworks;
			sourceTree = "<group>";
		};
/* End PBXGroup section */

/* Begin PBXNativeTarget section */
		286105572F4C51A4005B952A /* MyCanvas_Ver_0 */ = {
			isa = PBXNativeTarget;
			buildConfigurationList = 286105632F4C51A5005B952A /* Build configuration list for PBXNativeTarget "MyCanvas_Ver_0" */;
			buildPhases = (
				286105542F4C51A4005B952A /* Sources */,
				286105552F4C51A4005B952A /* Frameworks */,
				286105562F4C51A4005B952A /* Resources */,
				28A9EB822F8DEFCD004160FE /* Embed Foundation Extensions */,
			);
			buildRules = (
			);
			dependencies = (
				28A9EB802F8DEFCD004160FE /* PBXTargetDependency */,
			);
			fileSystemSynchronizedGroups = (
				2861055A2F4C51A4005B952A /* MyCanvas_Ver_0 */,
			);
			name = MyCanvas_Ver_0;
			packageProductDependencies = (
			);
			productName = MyCanvas_Ver_0;
			productReference = 286105582F4C51A4005B952A /* MyCanvas_Ver_0.app */;
			productType = "com.apple.product-type.application";
		};
		28A9EB762F8DEFCD004160FE /* Add To Canvas */ = {
			isa = PBXNativeTarget;
			buildConfigurationList = 28A9EB862F8DEFCD004160FE /* Build configuration list for PBXNativeTarget "Add To Canvas" */;
			buildPhases = (
				28A9EB732F8DEFCD004160FE /* Sources */,
				28A9EB742F8DEFCD004160FE /* Frameworks */,
				28A9EB752F8DEFCD004160FE /* Resources */,
			);
			buildRules = (
			);
			dependencies = (
			);
			fileSystemSynchronizedGroups = (
				28A9EB782F8DEFCD004160FE /* Add To Canvas */,
				28F1A0012F8E0001004160FE /* MyCanvas_Ver_0/App */,
				28F1A0022F8E0001004160FE /* MyCanvas_Ver_0/Canvas */,
				28F1A0032F8E0001004160FE /* MyCanvas_Ver_0/Platform/Shared/BoardList */,
				28F1A0042F8E0001004160FE /* MyCanvas_Ver_0/Platform/Shared/Rendering */,
			);
			name = "Add To Canvas";
			packageProductDependencies = (
			);
			productName = "Add To Canvas";
			productReference = 28A9EB772F8DEFCD004160FE /* Add To Canvas.appex */;
			productType = "com.apple.product-type.app-extension";
		};
		9A9B9C052F600001005B952A /* MyCanvas_Ver_0Tests */ = {
			isa = PBXNativeTarget;
			buildConfigurationList = 9A9B9C0D2F600001005B952A /* Build configuration list for PBXNativeTarget "MyCanvas_Ver_0Tests" */;
			buildPhases = (
				9A9B9C082F600001005B952A /* Sources */,
				9A9B9C062F600001005B952A /* Frameworks */,
				9A9B9C072F600001005B952A /* Resources */,
			);
			buildRules = (
			);
			dependencies = (
				9A9B9C0A2F600001005B952A /* PBXTargetDependency */,
			);
			fileSystemSynchronizedGroups = (
				9A9B9C042F600001005B952A /* MyCanvas_Ver_0Tests */,
			);
			name = MyCanvas_Ver_0Tests;
			packageProductDependencies = (
			);
			productName = MyCanvas_Ver_0Tests;
			productReference = 9A9B9C012F600001005B952A /* MyCanvas_Ver_0Tests.xctest */;
			productType = "com.apple.product-type.bundle.unit-test";
		};
/* End PBXNativeTarget section */

/* Begin PBXProject section */
		286105502F4C51A4005B952A /* Project object */ = {
			isa = PBXProject;
			attributes = {
				BuildIndependentTargetsInParallel = 1;
				LastSwiftUpdateCheck = 2610;
				LastUpgradeCheck = 2610;
				TargetAttributes = {
					286105572F4C51A4005B952A = {
						CreatedOnToolsVersion = 26.1.1;
					};
					28A9EB762F8DEFCD004160FE = {
						CreatedOnToolsVersion = 26.1.1;
					};
					9A9B9C052F600001005B952A = {
						CreatedOnToolsVersion = 26.1.1;
						TestTargetID = 286105572F4C51A4005B952A;
					};
				};
			};
			buildConfigurationList = 286105532F4C51A4005B952A /* Build configuration list for PBXProject "MyCanvas_Ver_0" */;
			developmentRegion = en;
			hasScannedForEncodings = 0;
			knownRegions = (
				en,
				Base,
			);
			mainGroup = 2861054F2F4C51A4005B952A;
			minimizedProjectReferenceProxies = 1;
			preferredProjectObjectVersion = 77;
			productRefGroup = 286105592F4C51A4005B952A /* Products */;
			projectDirPath = "";
			projectRoot = "";
			targets = (
				286105572F4C51A4005B952A /* MyCanvas_Ver_0 */,
				9A9B9C052F600001005B952A /* MyCanvas_Ver_0Tests */,
				28A9EB762F8DEFCD004160FE /* Add To Canvas */,
			);
		};
/* End PBXProject section */

/* Begin PBXResourcesBuildPhase section */
		286105562F4C51A4005B952A /* Resources */ = {
			isa = PBXResourcesBuildPhase;
			buildActionMask = 2147483647;
			files = (
			);
			runOnlyForDeploymentPostprocessing = 0;
		};
		28A9EB752F8DEFCD004160FE /* Resources */ = {
			isa = PBXResourcesBuildPhase;
			buildActionMask = 2147483647;
			files = (
			);
			runOnlyForDeploymentPostprocessing = 0;
		};
		9A9B9C072F600001005B952A /* Resources */ = {
			isa = PBXResourcesBuildPhase;
			buildActionMask = 2147483647;
			files = (
			);
			runOnlyForDeploymentPostprocessing = 0;
		};
/* End PBXResourcesBuildPhase section */

/* Begin PBXSourcesBuildPhase section */
		286105542F4C51A4005B952A /* Sources */ = {
			isa = PBXSourcesBuildPhase;
			buildActionMask = 2147483647;
			files = (
			);
			runOnlyForDeploymentPostprocessing = 0;
		};
		28A9EB732F8DEFCD004160FE /* Sources */ = {
			isa = PBXSourcesBuildPhase;
			buildActionMask = 2147483647;
			files = (
			);
			runOnlyForDeploymentPostprocessing = 0;
		};
		9A9B9C082F600001005B952A /* Sources */ = {
			isa = PBXSourcesBuildPhase;
			buildActionMask = 2147483647;
			files = (
			);
			runOnlyForDeploymentPostprocessing = 0;
		};
/* End PBXSourcesBuildPhase section */

/* Begin PBXTargetDependency section */
		28A9EB802F8DEFCD004160FE /* PBXTargetDependency */ = {
			isa = PBXTargetDependency;
			target = 28A9EB762F8DEFCD004160FE /* Add To Canvas */;
			targetProxy = 28A9EB7F2F8DEFCD004160FE /* PBXContainerItemProxy */;
		};
		9A9B9C0A2F600001005B952A /* PBXTargetDependency */ = {
			isa = PBXTargetDependency;
			target = 286105572F4C51A4005B952A /* MyCanvas_Ver_0 */;
			targetProxy = 9A9B9C092F600001005B952A /* PBXContainerItemProxy */;
		};
/* End PBXTargetDependency section */

/* Begin XCBuildConfiguration section */
		286105612F4C51A5005B952A /* Debug */ = {
			isa = XCBuildConfiguration;
			buildSettings = {
				ALWAYS_SEARCH_USER_PATHS = NO;
				ASSETCATALOG_COMPILER_GENERATE_SWIFT_ASSET_SYMBOL_EXTENSIONS = YES;
				CLANG_ANALYZER_NONNULL = YES;
				CLANG_ANALYZER_NUMBER_OBJECT_CONVERSION = YES_AGGRESSIVE;
				CLANG_CXX_LANGUAGE_STANDARD = "gnu++20";
				CLANG_ENABLE_MODULES = YES;
				CLANG_ENABLE_OBJC_ARC = YES;
				CLANG_ENABLE_OBJC_WEAK = YES;
				CLANG_WARN_BLOCK_CAPTURE_AUTORELEASING = YES;
				CLANG_WARN_BOOL_CONVERSION = YES;
				CLANG_WARN_COMMA = YES;
				CLANG_WARN_CONSTANT_CONVERSION = YES;
				CLANG_WARN_DEPRECATED_OBJC_IMPLEMENTATIONS = YES;
				CLANG_WARN_DIRECT_OBJC_ISA_USAGE = YES_ERROR;
				CLANG_WARN_DOCUMENTATION_COMMENTS = YES;
				CLANG_WARN_EMPTY_BODY = YES;
				CLANG_WARN_ENUM_CONVERSION = YES;
				CLANG_WARN_INFINITE_RECURSION = YES;
				CLANG_WARN_INT_CONVERSION = YES;
				CLANG_WARN_NON_LITERAL_NULL_CONVERSION = YES;
				CLANG_WARN_OBJC_IMPLICIT_RETAIN_SELF = YES;
				CLANG_WARN_OBJC_LITERAL_CONVERSION = YES;
				CLANG_WARN_OBJC_ROOT_CLASS = YES_ERROR;
				CLANG_WARN_QUOTED_INCLUDE_IN_FRAMEWORK_HEADER = YES;
				CLANG_WARN_RANGE_LOOP_ANALYSIS = YES;
				CLANG_WARN_STRICT_PROTOTYPES = YES;
				CLANG_WARN_SUSPICIOUS_MOVE = YES;
				CLANG_WARN_UNGUARDED_AVAILABILITY = YES_AGGRESSIVE;
				CLANG_WARN_UNREACHABLE_CODE = YES;
				CLANG_WARN__DUPLICATE_METHOD_MATCH = YES;
				COPY_PHASE_STRIP = NO;
				DEBUG_INFORMATION_FORMAT = dwarf;
				DEVELOPMENT_TEAM = JWWZTL2S7W;
				ENABLE_STRICT_OBJC_MSGSEND = YES;
				ENABLE_TESTABILITY = YES;
				ENABLE_USER_SCRIPT_SANDBOXING = YES;
				GCC_C_LANGUAGE_STANDARD = gnu17;
				GCC_DYNAMIC_NO_PIC = NO;
				GCC_NO_COMMON_BLOCKS = YES;
				GCC_OPTIMIZATION_LEVEL = 0;
				GCC_PREPROCESSOR_DEFINITIONS = (
					"DEBUG=1",
					"$(inherited)",
				);
				GCC_WARN_64_TO_32_BIT_CONVERSION = YES;
				GCC_WARN_ABOUT_RETURN_TYPE = YES_ERROR;
				GCC_WARN_UNDECLARED_SELECTOR = YES;
				GCC_WARN_UNINITIALIZED_AUTOS = YES_AGGRESSIVE;
				GCC_WARN_UNUSED_FUNCTION = YES;
				GCC_WARN_UNUSED_VARIABLE = YES;
				LOCALIZATION_PREFERS_STRING_CATALOGS = YES;
				MTL_ENABLE_DEBUG_INFO = INCLUDE_SOURCE;
				MTL_FAST_MATH = YES;
				ONLY_ACTIVE_ARCH = YES;
				SWIFT_ACTIVE_COMPILATION_CONDITIONS = "DEBUG $(inherited)";
				SWIFT_OPTIMIZATION_LEVEL = "-Onone";
			};
			name = Debug;
		};
		286105622F4C51A5005B952A /* Release */ = {
			isa = XCBuildConfiguration;
			buildSettings = {
				ALWAYS_SEARCH_USER_PATHS = NO;
				ASSETCATALOG_COMPILER_GENERATE_SWIFT_ASSET_SYMBOL_EXTENSIONS = YES;
				CLANG_ANALYZER_NONNULL = YES;
				CLANG_ANALYZER_NUMBER_OBJECT_CONVERSION = YES_AGGRESSIVE;
				CLANG_CXX_LANGUAGE_STANDARD = "gnu++20";
				CLANG_ENABLE_MODULES = YES;
				CLANG_ENABLE_OBJC_ARC = YES;
				CLANG_ENABLE_OBJC_WEAK = YES;
				CLANG_WARN_BLOCK_CAPTURE_AUTORELEASING = YES;
				CLANG_WARN_BOOL_CONVERSION = YES;
				CLANG_WARN_COMMA = YES;
				CLANG_WARN_CONSTANT_CONVERSION = YES;
				CLANG_WARN_DEPRECATED_OBJC_IMPLEMENTATIONS = YES;
				CLANG_WARN_DIRECT_OBJC_ISA_USAGE = YES_ERROR;
				CLANG_WARN_DOCUMENTATION_COMMENTS = YES;
				CLANG_WARN_EMPTY_BODY = YES;
				CLANG_WARN_ENUM_CONVERSION = YES;
				CLANG_WARN_INFINITE_RECURSION = YES;
				CLANG_WARN_INT_CONVERSION = YES;
				CLANG_WARN_NON_LITERAL_NULL_CONVERSION = YES;
				CLANG_WARN_OBJC_IMPLICIT_RETAIN_SELF = YES;
				CLANG_WARN_OBJC_LITERAL_CONVERSION = YES;
				CLANG_WARN_OBJC_ROOT_CLASS = YES_ERROR;
				CLANG_WARN_QUOTED_INCLUDE_IN_FRAMEWORK_HEADER = YES;
				CLANG_WARN_RANGE_LOOP_ANALYSIS = YES;
				CLANG_WARN_STRICT_PROTOTYPES = YES;
				CLANG_WARN_SUSPICIOUS_MOVE = YES;
				CLANG_WARN_UNGUARDED_AVAILABILITY = YES_AGGRESSIVE;
				CLANG_WARN_UNREACHABLE_CODE = YES;
				CLANG_WARN__DUPLICATE_METHOD_MATCH = YES;
				COPY_PHASE_STRIP = NO;
				DEBUG_INFORMATION_FORMAT = "dwarf-with-dsym";
				DEVELOPMENT_TEAM = JWWZTL2S7W;
				ENABLE_NS_ASSERTIONS = NO;
				ENABLE_STRICT_OBJC_MSGSEND = YES;
				ENABLE_USER_SCRIPT_SANDBOXING = YES;
				GCC_C_LANGUAGE_STANDARD = gnu17;
				GCC_NO_COMMON_BLOCKS = YES;
				GCC_WARN_64_TO_32_BIT_CONVERSION = YES;
				GCC_WARN_ABOUT_RETURN_TYPE = YES_ERROR;
				GCC_WARN_UNDECLARED_SELECTOR = YES;
				GCC_WARN_UNINITIALIZED_AUTOS = YES_AGGRESSIVE;
				GCC_WARN_UNUSED_FUNCTION = YES;
				GCC_WARN_UNUSED_VARIABLE = YES;
				LOCALIZATION_PREFERS_STRING_CATALOGS = YES;
				MTL_ENABLE_DEBUG_INFO = NO;
				MTL_FAST_MATH = YES;
				SWIFT_COMPILATION_MODE = wholemodule;
			};
			name = Release;
		};
		286105642F4C51A5005B952A /* Debug */ = {
			isa = XCBuildConfiguration;
			buildSettings = {
				ASSETCATALOG_COMPILER_APPICON_NAME = AppIcon;
				ASSETCATALOG_COMPILER_GLOBAL_ACCENT_COLOR_NAME = AccentColor;
				CODE_SIGN_ENTITLEMENTS = MyCanvas_Ver_0/MyCanvas_Ver_0.entitlements;
				CODE_SIGN_STYLE = Automatic;
				CURRENT_PROJECT_VERSION = 1;
				DEVELOPMENT_TEAM = JWWZTL2S7W;
				ENABLE_APP_SANDBOX = YES;
				ENABLE_HARDENED_RUNTIME = YES;
				ENABLE_PREVIEWS = YES;
				ENABLE_USER_SELECTED_FILES = readwrite;
				GENERATE_INFOPLIST_FILE = YES;
				"INFOPLIST_KEY_UIApplicationSupportsIndirectInputEvents[sdk=iphoneos*]" = YES;
				"INFOPLIST_KEY_UIApplicationSupportsIndirectInputEvents[sdk=iphonesimulator*]" = YES;
				"INFOPLIST_KEY_UILaunchScreen_Generation[sdk=iphoneos*]" = YES;
				"INFOPLIST_KEY_UILaunchScreen_Generation[sdk=iphonesimulator*]" = YES;
				"INFOPLIST_KEY_UIStatusBarStyle[sdk=iphoneos*]" = UIStatusBarStyleDefault;
				"INFOPLIST_KEY_UIStatusBarStyle[sdk=iphonesimulator*]" = UIStatusBarStyleDefault;
				INFOPLIST_KEY_UISupportedInterfaceOrientations_iPad = "UIInterfaceOrientationPortrait UIInterfaceOrientationPortraitUpsideDown UIInterfaceOrientationLandscapeLeft UIInterfaceOrientationLandscapeRight";
				INFOPLIST_KEY_UISupportedInterfaceOrientations_iPhone = "UIInterfaceOrientationPortrait UIInterfaceOrientationLandscapeLeft UIInterfaceOrientationLandscapeRight";
				IPHONEOS_DEPLOYMENT_TARGET = 15.6;
				LD_RUNPATH_SEARCH_PATHS = "@executable_path/Frameworks";
				"LD_RUNPATH_SEARCH_PATHS[sdk=macosx*]" = "@executable_path/../Frameworks";
				MACOSX_DEPLOYMENT_TARGET = 12.4;
				MARKETING_VERSION = 1.0;
				PRODUCT_BUNDLE_IDENTIFIER = "shaunyu.MyCanvas-Ver-0";
				PRODUCT_NAME = "$(TARGET_NAME)";
				REGISTER_APP_GROUPS = YES;
				SDKROOT = auto;
				STRING_CATALOG_GENERATE_SYMBOLS = YES;
				SUPPORTED_PLATFORMS = "iphoneos iphonesimulator macosx xros xrsimulator";
				SWIFT_APPROACHABLE_CONCURRENCY = YES;
				SWIFT_DEFAULT_ACTOR_ISOLATION = MainActor;
				SWIFT_EMIT_LOC_STRINGS = YES;
				SWIFT_UPCOMING_FEATURE_MEMBER_IMPORT_VISIBILITY = YES;
				SWIFT_VERSION = 5.0;
				TARGETED_DEVICE_FAMILY = "1,2,7";
				XROS_DEPLOYMENT_TARGET = 26.1;
			};
			name = Debug;
		};
		286105652F4C51A5005B952A /* Release */ = {
			isa = XCBuildConfiguration;
			buildSettings = {
				ASSETCATALOG_COMPILER_APPICON_NAME = AppIcon;
				ASSETCATALOG_COMPILER_GLOBAL_ACCENT_COLOR_NAME = AccentColor;
				CODE_SIGN_ENTITLEMENTS = MyCanvas_Ver_0/MyCanvas_Ver_0.entitlements;
				CODE_SIGN_STYLE = Automatic;
				CURRENT_PROJECT_VERSION = 1;
				DEVELOPMENT_TEAM = JWWZTL2S7W;
				ENABLE_APP_SANDBOX = YES;
				ENABLE_HARDENED_RUNTIME = YES;
				ENABLE_PREVIEWS = YES;
				ENABLE_USER_SELECTED_FILES = readwrite;
				GENERATE_INFOPLIST_FILE = YES;
				"INFOPLIST_KEY_UIApplicationSupportsIndirectInputEvents[sdk=iphoneos*]" = YES;
				"INFOPLIST_KEY_UIApplicationSupportsIndirectInputEvents[sdk=iphonesimulator*]" = YES;
				"INFOPLIST_KEY_UILaunchScreen_Generation[sdk=iphoneos*]" = YES;
				"INFOPLIST_KEY_UILaunchScreen_Generation[sdk=iphonesimulator*]" = YES;
				"INFOPLIST_KEY_UIStatusBarStyle[sdk=iphoneos*]" = UIStatusBarStyleDefault;
				"INFOPLIST_KEY_UIStatusBarStyle[sdk=iphonesimulator*]" = UIStatusBarStyleDefault;
				INFOPLIST_KEY_UISupportedInterfaceOrientations_iPad = "UIInterfaceOrientationPortrait UIInterfaceOrientationPortraitUpsideDown UIInterfaceOrientationLandscapeLeft UIInterfaceOrientationLandscapeRight";
				INFOPLIST_KEY_UISupportedInterfaceOrientations_iPhone = "UIInterfaceOrientationPortrait UIInterfaceOrientationLandscapeLeft UIInterfaceOrientationLandscapeRight";
				IPHONEOS_DEPLOYMENT_TARGET = 15.6;
				LD_RUNPATH_SEARCH_PATHS = "@executable_path/Frameworks";
				"LD_RUNPATH_SEARCH_PATHS[sdk=macosx*]" = "@executable_path/../Frameworks";
				MACOSX_DEPLOYMENT_TARGET = 12.4;
				MARKETING_VERSION = 1.0;
				PRODUCT_BUNDLE_IDENTIFIER = "shaunyu.MyCanvas-Ver-0";
				PRODUCT_NAME = "$(TARGET_NAME)";
				REGISTER_APP_GROUPS = YES;
				SDKROOT = auto;
				STRING_CATALOG_GENERATE_SYMBOLS = YES;
				SUPPORTED_PLATFORMS = "iphoneos iphonesimulator macosx xros xrsimulator";
				SWIFT_APPROACHABLE_CONCURRENCY = YES;
				SWIFT_DEFAULT_ACTOR_ISOLATION = MainActor;
				SWIFT_EMIT_LOC_STRINGS = YES;
				SWIFT_UPCOMING_FEATURE_MEMBER_IMPORT_VISIBILITY = YES;
				SWIFT_VERSION = 5.0;
				TARGETED_DEVICE_FAMILY = "1,2,7";
				XROS_DEPLOYMENT_TARGET = 26.1;
			};
			name = Release;
		};
		28A9EB832F8DEFCD004160FE /* Debug */ = {
			isa = XCBuildConfiguration;
			buildSettings = {
				CODE_SIGN_ENTITLEMENTS = "Add To Canvas/Add To Canvas.entitlements";
				CODE_SIGN_STYLE = Automatic;
				CURRENT_PROJECT_VERSION = 1;
				DEVELOPMENT_TEAM = JWWZTL2S7W;
				GENERATE_INFOPLIST_FILE = YES;
				INFOPLIST_FILE = "Add To Canvas/Info.plist";
				INFOPLIST_KEY_CFBundleDisplayName = "Add To Canvas";
				INFOPLIST_KEY_NSHumanReadableCopyright = "";
				IPHONEOS_DEPLOYMENT_TARGET = 15.6;
				LD_RUNPATH_SEARCH_PATHS = (
					"$(inherited)",
					"@executable_path/Frameworks",
					"@executable_path/../../Frameworks",
				);
				MARKETING_VERSION = 1.0;
				PRODUCT_BUNDLE_IDENTIFIER = "shaunyu.MyCanvas-Ver-0.Add-To-Canvas";
				PRODUCT_NAME = "$(TARGET_NAME)";
				SDKROOT = iphoneos;
				SKIP_INSTALL = YES;
				STRING_CATALOG_GENERATE_SYMBOLS = YES;
				SWIFT_APPROACHABLE_CONCURRENCY = YES;
				SWIFT_EMIT_LOC_STRINGS = YES;
				SWIFT_UPCOMING_FEATURE_MEMBER_IMPORT_VISIBILITY = YES;
				SWIFT_VERSION = 5.0;
				TARGETED_DEVICE_FAMILY = "1,2";
			};
			name = Debug;
		};
		28A9EB842F8DEFCD004160FE /* Release */ = {
			isa = XCBuildConfiguration;
			buildSettings = {
				CODE_SIGN_ENTITLEMENTS = "Add To Canvas/Add To Canvas.entitlements";
				CODE_SIGN_STYLE = Automatic;
				CURRENT_PROJECT_VERSION = 1;
				DEVELOPMENT_TEAM = JWWZTL2S7W;
				GENERATE_INFOPLIST_FILE = YES;
				INFOPLIST_FILE = "Add To Canvas/Info.plist";
				INFOPLIST_KEY_CFBundleDisplayName = "Add To Canvas";
				INFOPLIST_KEY_NSHumanReadableCopyright = "";
				IPHONEOS_DEPLOYMENT_TARGET = 15.6;
				LD_RUNPATH_SEARCH_PATHS = (
					"$(inherited)",
					"@executable_path/Frameworks",
					"@executable_path/../../Frameworks",
				);
				MARKETING_VERSION = 1.0;
				PRODUCT_BUNDLE_IDENTIFIER = "shaunyu.MyCanvas-Ver-0.Add-To-Canvas";
				PRODUCT_NAME = "$(TARGET_NAME)";
				SDKROOT = iphoneos;
				SKIP_INSTALL = YES;
				STRING_CATALOG_GENERATE_SYMBOLS = YES;
				SWIFT_APPROACHABLE_CONCURRENCY = YES;
				SWIFT_EMIT_LOC_STRINGS = YES;
				SWIFT_UPCOMING_FEATURE_MEMBER_IMPORT_VISIBILITY = YES;
				SWIFT_VERSION = 5.0;
				TARGETED_DEVICE_FAMILY = "1,2";
				VALIDATE_PRODUCT = YES;
			};
			name = Release;
		};
		9A9B9C0B2F600001005B952A /* Debug */ = {
			isa = XCBuildConfiguration;
			buildSettings = {
				BUNDLE_LOADER = "$(TEST_HOST)";
				CODE_SIGN_STYLE = Automatic;
				CURRENT_PROJECT_VERSION = 1;
				DEVELOPMENT_TEAM = JWWZTL2S7W;
				ENABLE_TESTING_SEARCH_PATHS = YES;
				GENERATE_INFOPLIST_FILE = YES;
				LD_RUNPATH_SEARCH_PATHS = (
					"$(inherited)",
					"@executable_path/../Frameworks",
					"@loader_path/../Frameworks",
				);
				MACOSX_DEPLOYMENT_TARGET = 12.4;
				PRODUCT_BUNDLE_IDENTIFIER = "shaunyu.MyCanvas-Ver-0Tests";
				PRODUCT_NAME = "$(TARGET_NAME)";
				SDKROOT = macosx;
				SUPPORTED_PLATFORMS = macosx;
				SWIFT_ACTIVE_COMPILATION_CONDITIONS = "DEBUG $(inherited)";
				SWIFT_VERSION = 5.0;
				TEST_HOST = "$(BUILT_PRODUCTS_DIR)/MyCanvas_Ver_0.app/Contents/MacOS/MyCanvas_Ver_0";
				TEST_TARGET_NAME = MyCanvas_Ver_0;
			};
			name = Debug;
		};
		9A9B9C0C2F600001005B952A /* Release */ = {
			isa = XCBuildConfiguration;
			buildSettings = {
				BUNDLE_LOADER = "$(TEST_HOST)";
				CODE_SIGN_STYLE = Automatic;
				CURRENT_PROJECT_VERSION = 1;
				DEVELOPMENT_TEAM = JWWZTL2S7W;
				ENABLE_TESTING_SEARCH_PATHS = YES;
				GENERATE_INFOPLIST_FILE = YES;
				LD_RUNPATH_SEARCH_PATHS = (
					"$(inherited)",
					"@executable_path/../Frameworks",
					"@loader_path/../Frameworks",
				);
				MACOSX_DEPLOYMENT_TARGET = 12.4;
				PRODUCT_BUNDLE_IDENTIFIER = "shaunyu.MyCanvas-Ver-0Tests";
				PRODUCT_NAME = "$(TARGET_NAME)";
				SDKROOT = macosx;
				SUPPORTED_PLATFORMS = macosx;
				SWIFT_VERSION = 5.0;
				TEST_HOST = "$(BUILT_PRODUCTS_DIR)/MyCanvas_Ver_0.app/Contents/MacOS/MyCanvas_Ver_0";
				TEST_TARGET_NAME = MyCanvas_Ver_0;
			};
			name = Release;
		};
/* End XCBuildConfiguration section */

/* Begin XCConfigurationList section */
		286105532F4C51A4005B952A /* Build configuration list for PBXProject "MyCanvas_Ver_0" */ = {
			isa = XCConfigurationList;
			buildConfigurations = (
				286105612F4C51A5005B952A /* Debug */,
				286105622F4C51A5005B952A /* Release */,
			);
			defaultConfigurationIsVisible = 0;
			defaultConfigurationName = Release;
		};
		286105632F4C51A5005B952A /* Build configuration list for PBXNativeTarget "MyCanvas_Ver_0" */ = {
			isa = XCConfigurationList;
			buildConfigurations = (
				286105642F4C51A5005B952A /* Debug */,
				286105652F4C51A5005B952A /* Release */,
			);
			defaultConfigurationIsVisible = 0;
			defaultConfigurationName = Release;
		};
		28A9EB862F8DEFCD004160FE /* Build configuration list for PBXNativeTarget "Add To Canvas" */ = {
			isa = XCConfigurationList;
			buildConfigurations = (
				28A9EB832F8DEFCD004160FE /* Debug */,
				28A9EB842F8DEFCD004160FE /* Release */,
			);
			defaultConfigurationIsVisible = 0;
			defaultConfigurationName = Release;
		};
		9A9B9C0D2F600001005B952A /* Build configuration list for PBXNativeTarget "MyCanvas_Ver_0Tests" */ = {
			isa = XCConfigurationList;
			buildConfigurations = (
				9A9B9C0B2F600001005B952A /* Debug */,
				9A9B9C0C2F600001005B952A /* Release */,
			);
			defaultConfigurationIsVisible = 0;
			defaultConfigurationName = Release;
		};
/* End XCConfigurationList section */
	};
	rootObject = 286105502F4C51A4005B952A /* Project object */;
}
